
Microsoft Visual Studio Solution File, Format Version 12.00
# Visual Studio Version 16
VisualStudioVersion = 16.0.30523.141
MinimumVisualStudioVersion = 10.0.40219.1
Project("{FAE04EC0-301F-11D3-BF4B-00C04F79EFBC}") = "RESTClient", "source\RESTClient.csproj", "{9B2613C7-2E9B-404A-AB64-0FA68F37ADC1}"
EndProject
Project("{2150E333-8FDC-42A3-9474-1A3956D46DE8}") = "Solution Items", "Solution Items", "{1E00B953-22E4-4657-95D4-6E7D082F5C42}"
	ProjectSection(SolutionItems) = preProject
		.editorconfig = .editorconfig
		.gitignore = .gitignore
		README.md = README.md
	EndProjectSection
EndProject
Global
	GlobalSection(SolutionConfigurationPlatforms) = preSolution
		Debug|Any CPU = Debug|Any CPU
		Release|Any CPU = Release|Any CPU
	EndGlobalSection
	GlobalSection(ProjectConfigurationPlatforms) = postSolution
		{9B2613C7-2E9B-404A-AB64-0FA68F37ADC1}.Debug|Any CPU.ActiveCfg = Debug|Any CPU
		{9B2613C7-2E9B-404A-AB64-0FA68F37ADC1}.Debug|Any CPU.Build.0 = Debug|Any CPU
		{9B2613C7-2E9B-404A-AB64-0FA68F37ADC1}.Release|Any CPU.ActiveCfg = Release|Any CPU
		{9B2613C7-2E9B-404A-AB64-0FA68F37ADC1}.Release|Any CPU.Build.0 = Release|Any CPU
	EndGlobalSection
	GlobalSection(SolutionProperties) = preSolution
		HideSolutionNode = FALSE
	EndGlobalSection
	GlobalSection(ExtensibilityGlobals) = postSolution
		SolutionGuid = {8AEC38CA-5A40-4EFF-AD1A-3660AB662218}
	EndGlobalSection
EndGlobal
